
Microsoft Visual Studio Solution File, Format Version 12.00
# Visual Studio Version 16
VisualStudioVersion = 16.0.30114.105
MinimumVisualStudioVersion = 10.0.40219.1
Project("{2150E333-8FDC-42A3-9474-1A3956D46DE8}") = "WebApi", "WebApi", "{C1B7C114-E3F3-4662-9C5C-B7662B131F4F}"
EndProject
Project("{FAE04EC0-301F-11D3-BF4B-00C04F79EFBC}") = "Todo.WebApi", "Todo.WebApi\Todo.WebApi.csproj", "{72A8C14A-7B32-4028-A493-80B9077B06F9}"
EndProject
Project("{2150E333-8FDC-42A3-9474-1A3956D46DE8}") = "Scratch", "Scratch", "{9C2CC8DF-CE43-45FD-897E-5DA86AA9E4B5}"
EndProject
Project("{FAE04EC0-301F-11D3-BF4B-00C04F79EFBC}") = "Scratch", "Scratch\Scratch.csproj", "{E078F689-23CC-42EF-8697-480065F36973}"
EndProject
Project("{2150E333-8FDC-42A3-9474-1A3956D46DE8}") = "src", "src", "{59F123D0-D8B4-4DAC-BD52-6CD861603FFE}"
EndProject
Project("{FAE04EC0-301F-11D3-BF4B-00C04F79EFBC}") = "Todo.DAL", "Todo.DAL\Todo.DAL.csproj", "{2EF59012-6E1A-4FFD-9F3E-C1580774684B}"
EndProject
Project("{FAE04EC0-301F-11D3-BF4B-00C04F79EFBC}") = "Scratch.Tests", "Scratch.Tests\Scratch.Tests.csproj", "{2EA0C31A-A1B6-44DC-8519-4EEF88DA926E}"
EndProject
Project("{FAE04EC0-301F-11D3-BF4B-00C04F79EFBC}") = "Zelve", "Zelve\Zelve.csproj", "{8BF9B266-D9A9-4077-94B2-3ECFEA4678C4}"
EndProject
Global
	GlobalSection(SolutionConfigurationPlatforms) = preSolution
		Debug|Any CPU = Debug|Any CPU
		Debug|x64 = Debug|x64
		Debug|x86 = Debug|x86
		Release|Any CPU = Release|Any CPU
		Release|x64 = Release|x64
		Release|x86 = Release|x86
	EndGlobalSection
	GlobalSection(ProjectConfigurationPlatforms) = postSolution
		{72A8C14A-7B32-4028-A493-80B9077B06F9}.Debug|Any CPU.ActiveCfg = Debug|Any CPU
		{72A8C14A-7B32-4028-A493-80B9077B06F9}.Debug|Any CPU.Build.0 = Debug|Any CPU
		{72A8C14A-7B32-4028-A493-80B9077B06F9}.Debug|x64.ActiveCfg = Debug|Any CPU
		{72A8C14A-7B32-4028-A493-80B9077B06F9}.Debug|x64.Build.0 = Debug|Any CPU
		{72A8C14A-7B32-4028-A493-80B9077B06F9}.Debug|x86.ActiveCfg = Debug|Any CPU
		{72A8C14A-7B32-4028-A493-80B9077B06F9}.Debug|x86.Build.0 = Debug|Any CPU
		{72A8C14A-7B32-4028-A493-80B9077B06F9}.Release|Any CPU.ActiveCfg = Release|Any CPU
		{72A8C14A-7B32-4028-A493-80B9077B06F9}.Release|Any CPU.Build.0 = Release|Any CPU
		{72A8C14A-7B32-4028-A493-80B9077B06F9}.Release|x64.ActiveCfg = Release|Any CPU
		{72A8C14A-7B32-4028-A493-80B9077B06F9}.Release|x64.Build.0 = Release|Any CPU
		{72A8C14A-7B32-4028-A493-80B9077B06F9}.Release|x86.ActiveCfg = Release|Any CPU
		{72A8C14A-7B32-4028-A493-80B9077B06F9}.Release|x86.Build.0 = Release|Any CPU
		{E078F689-23CC-42EF-8697-480065F36973}.Debug|Any CPU.ActiveCfg = Debug|Any CPU
		{E078F689-23CC-42EF-8697-480065F36973}.Debug|Any CPU.Build.0 = Debug|Any CPU
		{E078F689-23CC-42EF-8697-480065F36973}.Debug|x64.ActiveCfg = Debug|Any CPU
		{E078F689-23CC-42EF-8697-480065F36973}.Debug|x64.Build.0 = Debug|Any CPU
		{E078F689-23CC-42EF-8697-480065F36973}.Debug|x86.ActiveCfg = Debug|Any CPU
		{E078F689-23CC-42EF-8697-480065F36973}.Debug|x86.Build.0 = Debug|Any CPU
		{E078F689-23CC-42EF-8697-480065F36973}.Release|Any CPU.ActiveCfg = Release|Any CPU
		{E078F689-23CC-42EF-8697-480065F36973}.Release|Any CPU.Build.0 = Release|Any CPU
		{E078F689-23CC-42EF-8697-480065F36973}.Release|x64.ActiveCfg = Release|Any CPU
		{E078F689-23CC-42EF-8697-480065F36973}.Release|x64.Build.0 = Release|Any CPU
		{E078F689-23CC-42EF-8697-480065F36973}.Release|x86.ActiveCfg = Release|Any CPU
		{E078F689-23CC-42EF-8697-480065F36973}.Release|x86.Build.0 = Release|Any CPU
		{2EF59012-6E1A-4FFD-9F3E-C1580774684B}.Debug|Any CPU.ActiveCfg = Debug|Any CPU
		{2EF59012-6E1A-4FFD-9F3E-C1580774684B}.Debug|Any CPU.Build.0 = Debug|Any CPU
		{2EF59012-6E1A-4FFD-9F3E-C1580774684B}.Debug|x64.ActiveCfg = Debug|Any CPU
		{2EF59012-6E1A-4FFD-9F3E-C1580774684B}.Debug|x64.Build.0 = Debug|Any CPU
		{2EF59012-6E1A-4FFD-9F3E-C1580774684B}.Debug|x86.ActiveCfg = Debug|Any CPU
		{2EF59012-6E1A-4FFD-9F3E-C1580774684B}.Debug|x86.Build.0 = Debug|Any CPU
		{2EF59012-6E1A-4FFD-9F3E-C1580774684B}.Release|Any CPU.ActiveCfg = Release|Any CPU
		{2EF59012-6E1A-4FFD-9F3E-C1580774684B}.Release|Any CPU.Build.0 = Release|Any CPU
		{2EF59012-6E1A-4FFD-9F3E-C1580774684B}.Release|x64.ActiveCfg = Release|Any CPU
		{2EF59012-6E1A-4FFD-9F3E-C1580774684B}.Release|x64.Build.0 = Release|Any CPU
		{2EF59012-6E1A-4FFD-9F3E-C1580774684B}.Release|x86.ActiveCfg = Release|Any CPU
		{2EF59012-6E1A-4FFD-9F3E-C1580774684B}.Release|x86.Build.0 = Release|Any CPU
		{2EA0C31A-A1B6-44DC-8519-4EEF88DA926E}.Debug|Any CPU.ActiveCfg = Debug|Any CPU
		{2EA0C31A-A1B6-44DC-8519-4EEF88DA926E}.Debug|Any CPU.Build.0 = Debug|Any CPU
		{2EA0C31A-A1B6-44DC-8519-4EEF88DA926E}.Debug|x64.ActiveCfg = Debug|Any CPU
		{2EA0C31A-A1B6-44DC-8519-4EEF88DA926E}.Debug|x64.Build.0 = Debug|Any CPU
		{2EA0C31A-A1B6-44DC-8519-4EEF88DA926E}.Debug|x86.ActiveCfg = Debug|Any CPU
		{2EA0C31A-A1B6-44DC-8519-4EEF88DA926E}.Debug|x86.Build.0 = Debug|Any CPU
		{2EA0C31A-A1B6-44DC-8519-4EEF88DA926E}.Release|Any CPU.ActiveCfg = Release|Any CPU
		{2EA0C31A-A1B6-44DC-8519-4EEF88DA926E}.Release|Any CPU.Build.0 = Release|Any CPU
		{2EA0C31A-A1B6-44DC-8519-4EEF88DA926E}.Release|x64.ActiveCfg = Release|Any CPU
		{2EA0C31A-A1B6-44DC-8519-4EEF88DA926E}.Release|x64.Build.0 = Release|Any CPU
		{2EA0C31A-A1B6-44DC-8519-4EEF88DA926E}.Release|x86.ActiveCfg = Release|Any CPU
		{2EA0C31A-A1B6-44DC-8519-4EEF88DA926E}.Release|x86.Build.0 = Release|Any CPU
		{8BF9B266-D9A9-4077-94B2-3ECFEA4678C4}.Debug|Any CPU.ActiveCfg = Debug|Any CPU
		{8BF9B266-D9A9-4077-94B2-3ECFEA4678C4}.Debug|Any CPU.Build.0 = Debug|Any CPU
		{8BF9B266-D9A9-4077-94B2-3ECFEA4678C4}.Debug|x64.ActiveCfg = Debug|Any CPU
		{8BF9B266-D9A9-4077-94B2-3ECFEA4678C4}.Debug|x64.Build.0 = Debug|Any CPU
		{8BF9B266-D9A9-4077-94B2-3ECFEA4678C4}.Debug|x86.ActiveCfg = Debug|Any CPU
		{8BF9B266-D9A9-4077-94B2-3ECFEA4678C4}.Debug|x86.Build.0 = Debug|Any CPU
		{8BF9B266-D9A9-4077-94B2-3ECFEA4678C4}.Release|Any CPU.ActiveCfg = Release|Any CPU
		{8BF9B266-D9A9-4077-94B2-3ECFEA4678C4}.Release|Any CPU.Build.0 = Release|Any CPU
		{8BF9B266-D9A9-4077-94B2-3ECFEA4678C4}.Release|x64.ActiveCfg = Release|Any CPU
		{8BF9B266-D9A9-4077-94B2-3ECFEA4678C4}.Release|x64.Build.0 = Release|Any CPU
		{8BF9B266-D9A9-4077-94B2-3ECFEA4678C4}.Release|x86.ActiveCfg = Release|Any CPU
		{8BF9B266-D9A9-4077-94B2-3ECFEA4678C4}.Release|x86.Build.0 = Release|Any CPU
	EndGlobalSection
	GlobalSection(SolutionProperties) = preSolution
		HideSolutionNode = FALSE
	EndGlobalSection
	GlobalSection(NestedProjects) = preSolution
		{C1B7C114-E3F3-4662-9C5C-B7662B131F4F} = {59F123D0-D8B4-4DAC-BD52-6CD861603FFE}
		{72A8C14A-7B32-4028-A493-80B9077B06F9} = {C1B7C114-E3F3-4662-9C5C-B7662B131F4F}
		{9C2CC8DF-CE43-45FD-897E-5DA86AA9E4B5} = {59F123D0-D8B4-4DAC-BD52-6CD861603FFE}
		{E078F689-23CC-42EF-8697-480065F36973} = {9C2CC8DF-CE43-45FD-897E-5DA86AA9E4B5}
		{2EF59012-6E1A-4FFD-9F3E-C1580774684B} = {C1B7C114-E3F3-4662-9C5C-B7662B131F4F}
		{2EA0C31A-A1B6-44DC-8519-4EEF88DA926E} = {9C2CC8DF-CE43-45FD-897E-5DA86AA9E4B5}
		{8BF9B266-D9A9-4077-94B2-3ECFEA4678C4} = {9C2CC8DF-CE43-45FD-897E-5DA86AA9E4B5}
	EndGlobalSection
EndGlobal
