
Microsoft Visual Studio Solution File, Format Version 12.00
# Visual Studio Version 16
VisualStudioVersion = 16.0.30114.105
MinimumVisualStudioVersion = 10.0.40219.1
Project("{2150E333-8FDC-42A3-9474-1A3956D46DE8}") = "Scratch", "Scratch", "{9C2CC8DF-CE43-45FD-897E-5DA86AA9E4B5}"
EndProject
Project("{FAE04EC0-301F-11D3-BF4B-00C04F79EFBC}") = "Scratch", "Scratch\Scratch.csproj", "{E078F689-23CC-42EF-8697-480065F36973}"
EndProject
Project("{FAE04EC0-301F-11D3-BF4B-00C04F79EFBC}") = "Scratch.Tests", "Scratch.Tests\Scratch.Tests.csproj", "{2EA0C31A-A1B6-44DC-8519-4EEF88DA926E}"
EndProject
Project("{2150E333-8FDC-42A3-9474-1A3956D46DE8}") = "src", "src", "{827E0CD3-B72D-47B6-A68D-7590B98EB39B}"
EndProject
Project("{2150E333-8FDC-42A3-9474-1A3956D46DE8}") = "services", "services", "{984BB9B3-3FA3-BE33-9484-CAC21695A33C}"
EndProject
Project("{2150E333-8FDC-42A3-9474-1A3956D46DE8}") = "api", "api", "{D4A34F35-5435-FD97-C6D0-8589CB528231}"
EndProject
Project("{FAE04EC0-301F-11D3-BF4B-00C04F79EFBC}") = "Todo.WebApi", "src\services\api\Todo.WebApi\Todo.WebApi.csproj", "{421B8128-BDA2-4B33-9441-10A2720C3741}"
EndProject
Project("{FAE04EC0-301F-11D3-BF4B-00C04F79EFBC}") = "Todo.DAL", "src\services\api\Todo.DAL\Todo.DAL.csproj", "{6838E626-38A0-4B0E-B943-A0130A03B77C}"
EndProject
Project("{2150E333-8FDC-42A3-9474-1A3956D46DE8}") = "orders", "orders", "{53A5E032-9A5F-5C5F-4C24-3FD98F4CF9B3}"
EndProject
Project("{FAE04EC0-301F-11D3-BF4B-00C04F79EFBC}") = "Todo.Orders.Api", "src\services\orders\Todo.Orders.Api\Todo.Orders.Api.csproj", "{CB09AD02-3C79-42A2-9A4D-21B199F420DE}"
EndProject
Project("{FAE04EC0-301F-11D3-BF4B-00C04F79EFBC}") = "Todo.Orders", "src\services\orders\Todo.Orders\Todo.Orders.csproj", "{A8DE0E81-3660-44B8-80E2-54C83CC46B7B}"
EndProject
Project("{FAE04EC0-301F-11D3-BF4B-00C04F79EFBC}") = "Todo.Order.Worker", "src\services\orders\Todo.Order.Worker\Todo.Order.Worker.csproj", "{9B90E0F9-796D-4A72-89AB-241745BF82D2}"
EndProject
Project("{2150E333-8FDC-42A3-9474-1A3956D46DE8}") = "inventory", "inventory", "{CA15E31E-CB60-F235-5CDF-2E527A86A72C}"
EndProject
Project("{FAE04EC0-301F-11D3-BF4B-00C04F79EFBC}") = "Todo.Inventory.Worker", "src\services\inventory\Todo.Inventory.Worker\Todo.Inventory.Worker.csproj", "{A3124358-FC25-43B4-97D0-E9EEB8DD7E9F}"
EndProject
Project("{2150E333-8FDC-42A3-9474-1A3956D46DE8}") = "tests", "tests", "{0AB3BF05-4346-4AA6-1389-037BE0695223}"
EndProject
Project("{2150E333-8FDC-42A3-9474-1A3956D46DE8}") = "services", "services", "{4353066B-F410-E540-F593-55E469B78A5F}"
EndProject
Project("{2150E333-8FDC-42A3-9474-1A3956D46DE8}") = "api", "api", "{127189DC-0BEF-341C-0597-8642EC10EE71}"
EndProject
Project("{FAE04EC0-301F-11D3-BF4B-00C04F79EFBC}") = "Todo.WebApi.Tests", "tests\services\api\Todo.WebApi.Tests\Todo.WebApi.Tests.csproj", "{5BF2B522-26FE-4596-8E56-EE13ECC5F32F}"
EndProject
Project("{2150E333-8FDC-42A3-9474-1A3956D46DE8}") = "orders", "orders", "{18400E44-4892-5B80-9B60-D32E69278B29}"
EndProject
Project("{FAE04EC0-301F-11D3-BF4B-00C04F79EFBC}") = "Todo.Orders.Tests", "tests\services\orders\Todo.Orders.Tests\Todo.Orders.Tests.csproj", "{1B02BF9B-CBFC-41E7-98E6-A56918F2FF72}"
EndProject
Project("{2150E333-8FDC-42A3-9474-1A3956D46DE8}") = "inventory", "inventory", "{B69D1A96-4DB9-15C1-EF8D-9A36E3A47E08}"
EndProject
Project("{FAE04EC0-301F-11D3-BF4B-00C04F79EFBC}") = "Todo.Inventory.Tests", "tests\services\inventory\Todo.Inventory.Tests\Todo.Inventory.Tests.csproj", "{2BF32AE9-A975-43E1-B64E-75B8C54653DA}"
EndProject
Project("{2150E333-8FDC-42A3-9474-1A3956D46DE8}") = "shared", "shared", "{C8E42992-5E42-0C2B-DBFE-AA848D06431C}"
EndProject
Project("{FAE04EC0-301F-11D3-BF4B-00C04F79EFBC}") = "Todo.Contracts", "src\shared\Todo.Contracts\Todo.Contracts.csproj", "{0653EAF3-32A0-4324-A810-7857F31678F9}"
EndProject
Project("{FAE04EC0-301F-11D3-BF4B-00C04F79EFBC}") = "Todo.Observability", "src\shared\Todo.Observability\Todo.Observability.csproj", "{3A753528-ACA6-4A82-8458-8BEDCA150C34}"
EndProject
Global
	GlobalSection(SolutionConfigurationPlatforms) = preSolution
		Debug|Any CPU = Debug|Any CPU
		Debug|x64 = Debug|x64
		Debug|x86 = Debug|x86
		Release|Any CPU = Release|Any CPU
		Release|x64 = Release|x64
		Release|x86 = Release|x86
	EndGlobalSection
	GlobalSection(ProjectConfigurationPlatforms) = postSolution
		{E078F689-23CC-42EF-8697-480065F36973}.Debug|Any CPU.ActiveCfg = Debug|Any CPU
		{E078F689-23CC-42EF-8697-480065F36973}.Debug|Any CPU.Build.0 = Debug|Any CPU
		{E078F689-23CC-42EF-8697-480065F36973}.Debug|x64.ActiveCfg = Debug|Any CPU
		{E078F689-23CC-42EF-8697-480065F36973}.Debug|x64.Build.0 = Debug|Any CPU
		{E078F689-23CC-42EF-8697-480065F36973}.Debug|x86.ActiveCfg = Debug|Any CPU
		{E078F689-23CC-42EF-8697-480065F36973}.Debug|x86.Build.0 = Debug|Any CPU
		{E078F689-23CC-42EF-8697-480065F36973}.Release|Any CPU.ActiveCfg = Release|Any CPU
		{E078F689-23CC-42EF-8697-480065F36973}.Release|Any CPU.Build.0 = Release|Any CPU
		{E078F689-23CC-42EF-8697-480065F36973}.Release|x64.ActiveCfg = Release|Any CPU
		{E078F689-23CC-42EF-8697-480065F36973}.Release|x64.Build.0 = Release|Any CPU
		{E078F689-23CC-42EF-8697-480065F36973}.Release|x86.ActiveCfg = Release|Any CPU
		{E078F689-23CC-42EF-8697-480065F36973}.Release|x86.Build.0 = Release|Any CPU
		{2EA0C31A-A1B6-44DC-8519-4EEF88DA926E}.Debug|Any CPU.ActiveCfg = Debug|Any CPU
		{2EA0C31A-A1B6-44DC-8519-4EEF88DA926E}.Debug|Any CPU.Build.0 = Debug|Any CPU
		{2EA0C31A-A1B6-44DC-8519-4EEF88DA926E}.Debug|x64.ActiveCfg = Debug|Any CPU
		{2EA0C31A-A1B6-44DC-8519-4EEF88DA926E}.Debug|x64.Build.0 = Debug|Any CPU
		{2EA0C31A-A1B6-44DC-8519-4EEF88DA926E}.Debug|x86.ActiveCfg = Debug|Any CPU
		{2EA0C31A-A1B6-44DC-8519-4EEF88DA926E}.Debug|x86.Build.0 = Debug|Any CPU
		{2EA0C31A-A1B6-44DC-8519-4EEF88DA926E}.Release|Any CPU.ActiveCfg = Release|Any CPU
		{2EA0C31A-A1B6-44DC-8519-4EEF88DA926E}.Release|Any CPU.Build.0 = Release|Any CPU
		{2EA0C31A-A1B6-44DC-8519-4EEF88DA926E}.Release|x64.ActiveCfg = Release|Any CPU
		{2EA0C31A-A1B6-44DC-8519-4EEF88DA926E}.Release|x64.Build.0 = Release|Any CPU
		{2EA0C31A-A1B6-44DC-8519-4EEF88DA926E}.Release|x86.ActiveCfg = Release|Any CPU
		{2EA0C31A-A1B6-44DC-8519-4EEF88DA926E}.Release|x86.Build.0 = Release|Any CPU
		{421B8128-BDA2-4B33-9441-10A2720C3741}.Debug|Any CPU.ActiveCfg = Debug|Any CPU
		{421B8128-BDA2-4B33-9441-10A2720C3741}.Debug|Any CPU.Build.0 = Debug|Any CPU
		{421B8128-BDA2-4B33-9441-10A2720C3741}.Debug|x64.ActiveCfg = Debug|Any CPU
		{421B8128-BDA2-4B33-9441-10A2720C3741}.Debug|x64.Build.0 = Debug|Any CPU
		{421B8128-BDA2-4B33-9441-10A2720C3741}.Debug|x86.ActiveCfg = Debug|Any CPU
		{421B8128-BDA2-4B33-9441-10A2720C3741}.Debug|x86.Build.0 = Debug|Any CPU
		{421B8128-BDA2-4B33-9441-10A2720C3741}.Release|Any CPU.ActiveCfg = Release|Any CPU
		{421B8128-BDA2-4B33-9441-10A2720C3741}.Release|Any CPU.Build.0 = Release|Any CPU
		{421B8128-BDA2-4B33-9441-10A2720C3741}.Release|x64.ActiveCfg = Release|Any CPU
		{421B8128-BDA2-4B33-9441-10A2720C3741}.Release|x64.Build.0 = Release|Any CPU
		{421B8128-BDA2-4B33-9441-10A2720C3741}.Release|x86.ActiveCfg = Release|Any CPU
		{421B8128-BDA2-4B33-9441-10A2720C3741}.Release|x86.Build.0 = Release|Any CPU
		{6838E626-38A0-4B0E-B943-A0130A03B77C}.Debug|Any CPU.ActiveCfg = Debug|Any CPU
		{6838E626-38A0-4B0E-B943-A0130A03B77C}.Debug|Any CPU.Build.0 = Debug|Any CPU
		{6838E626-38A0-4B0E-B943-A0130A03B77C}.Debug|x64.ActiveCfg = Debug|Any CPU
		{6838E626-38A0-4B0E-B943-A0130A03B77C}.Debug|x64.Build.0 = Debug|Any CPU
		{6838E626-38A0-4B0E-B943-A0130A03B77C}.Debug|x86.ActiveCfg = Debug|Any CPU
		{6838E626-38A0-4B0E-B943-A0130A03B77C}.Debug|x86.Build.0 = Debug|Any CPU
		{6838E626-38A0-4B0E-B943-A0130A03B77C}.Release|Any CPU.ActiveCfg = Release|Any CPU
		{6838E626-38A0-4B0E-B943-A0130A03B77C}.Release|Any CPU.Build.0 = Release|Any CPU
		{6838E626-38A0-4B0E-B943-A0130A03B77C}.Release|x64.ActiveCfg = Release|Any CPU
		{6838E626-38A0-4B0E-B943-A0130A03B77C}.Release|x64.Build.0 = Release|Any CPU
		{6838E626-38A0-4B0E-B943-A0130A03B77C}.Release|x86.ActiveCfg = Release|Any CPU
		{6838E626-38A0-4B0E-B943-A0130A03B77C}.Release|x86.Build.0 = Release|Any CPU
		{CB09AD02-3C79-42A2-9A4D-21B199F420DE}.Debug|Any CPU.ActiveCfg = Debug|Any CPU
		{CB09AD02-3C79-42A2-9A4D-21B199F420DE}.Debug|Any CPU.Build.0 = Debug|Any CPU
		{CB09AD02-3C79-42A2-9A4D-21B199F420DE}.Debug|x64.ActiveCfg = Debug|Any CPU
		{CB09AD02-3C79-42A2-9A4D-21B199F420DE}.Debug|x64.Build.0 = Debug|Any CPU
		{CB09AD02-3C79-42A2-9A4D-21B199F420DE}.Debug|x86.ActiveCfg = Debug|Any CPU
		{CB09AD02-3C79-42A2-9A4D-21B199F420DE}.Debug|x86.Build.0 = Debug|Any CPU
		{CB09AD02-3C79-42A2-9A4D-21B199F420DE}.Release|Any CPU.ActiveCfg = Release|Any CPU
		{CB09AD02-3C79-42A2-9A4D-21B199F420DE}.Release|Any CPU.Build.0 = Release|Any CPU
		{CB09AD02-3C79-42A2-9A4D-21B199F420DE}.Release|x64.ActiveCfg = Release|Any CPU
		{CB09AD02-3C79-42A2-9A4D-21B199F420DE}.Release|x64.Build.0 = Release|Any CPU
		{CB09AD02-3C79-42A2-9A4D-21B199F420DE}.Release|x86.ActiveCfg = Release|Any CPU
		{CB09AD02-3C79-42A2-9A4D-21B199F420DE}.Release|x86.Build.0 = Release|Any CPU
		{A8DE0E81-3660-44B8-80E2-54C83CC46B7B}.Debug|Any CPU.ActiveCfg = Debug|Any CPU
		{A8DE0E81-3660-44B8-80E2-54C83CC46B7B}.Debug|Any CPU.Build.0 = Debug|Any CPU
		{A8DE0E81-3660-44B8-80E2-54C83CC46B7B}.Debug|x64.ActiveCfg = Debug|Any CPU
		{A8DE0E81-3660-44B8-80E2-54C83CC46B7B}.Debug|x64.Build.0 = Debug|Any CPU
		{A8DE0E81-3660-44B8-80E2-54C83CC46B7B}.Debug|x86.ActiveCfg = Debug|Any CPU
		{A8DE0E81-3660-44B8-80E2-54C83CC46B7B}.Debug|x86.Build.0 = Debug|Any CPU
		{A8DE0E81-3660-44B8-80E2-54C83CC46B7B}.Release|Any CPU.ActiveCfg = Release|Any CPU
		{A8DE0E81-3660-44B8-80E2-54C83CC46B7B}.Release|Any CPU.Build.0 = Release|Any CPU
		{A8DE0E81-3660-44B8-80E2-54C83CC46B7B}.Release|x64.ActiveCfg = Release|Any CPU
		{A8DE0E81-3660-44B8-80E2-54C83CC46B7B}.Release|x64.Build.0 = Release|Any CPU
		{A8DE0E81-3660-44B8-80E2-54C83CC46B7B}.Release|x86.ActiveCfg = Release|Any CPU
		{A8DE0E81-3660-44B8-80E2-54C83CC46B7B}.Release|x86.Build.0 = Release|Any CPU
		{9B90E0F9-796D-4A72-89AB-241745BF82D2}.Debug|Any CPU.ActiveCfg = Debug|Any CPU
		{9B90E0F9-796D-4A72-89AB-241745BF82D2}.Debug|Any CPU.Build.0 = Debug|Any CPU
		{9B90E0F9-796D-4A72-89AB-241745BF82D2}.Debug|x64.ActiveCfg = Debug|Any CPU
		{9B90E0F9-796D-4A72-89AB-241745BF82D2}.Debug|x64.Build.0 = Debug|Any CPU
		{9B90E0F9-796D-4A72-89AB-241745BF82D2}.Debug|x86.ActiveCfg = Debug|Any CPU
		{9B90E0F9-796D-4A72-89AB-241745BF82D2}.Debug|x86.Build.0 = Debug|Any CPU
		{9B90E0F9-796D-4A72-89AB-241745BF82D2}.Release|Any CPU.ActiveCfg = Release|Any CPU
		{9B90E0F9-796D-4A72-89AB-241745BF82D2}.Release|Any CPU.Build.0 = Release|Any CPU
		{9B90E0F9-796D-4A72-89AB-241745BF82D2}.Release|x64.ActiveCfg = Release|Any CPU
		{9B90E0F9-796D-4A72-89AB-241745BF82D2}.Release|x64.Build.0 = Release|Any CPU
		{9B90E0F9-796D-4A72-89AB-241745BF82D2}.Release|x86.ActiveCfg = Release|Any CPU
		{9B90E0F9-796D-4A72-89AB-241745BF82D2}.Release|x86.Build.0 = Release|Any CPU
		{A3124358-FC25-43B4-97D0-E9EEB8DD7E9F}.Debug|Any CPU.ActiveCfg = Debug|Any CPU
		{A3124358-FC25-43B4-97D0-E9EEB8DD7E9F}.Debug|Any CPU.Build.0 = Debug|Any CPU
		{A3124358-FC25-43B4-97D0-E9EEB8DD7E9F}.Debug|x64.ActiveCfg = Debug|Any CPU
		{A3124358-FC25-43B4-97D0-E9EEB8DD7E9F}.Debug|x64.Build.0 = Debug|Any CPU
		{A3124358-FC25-43B4-97D0-E9EEB8DD7E9F}.Debug|x86.ActiveCfg = Debug|Any CPU
		{A3124358-FC25-43B4-97D0-E9EEB8DD7E9F}.Debug|x86.Build.0 = Debug|Any CPU
		{A3124358-FC25-43B4-97D0-E9EEB8DD7E9F}.Release|Any CPU.ActiveCfg = Release|Any CPU
		{A3124358-FC25-43B4-97D0-E9EEB8DD7E9F}.Release|Any CPU.Build.0 = Release|Any CPU
		{A3124358-FC25-43B4-97D0-E9EEB8DD7E9F}.Release|x64.ActiveCfg = Release|Any CPU
		{A3124358-FC25-43B4-97D0-E9EEB8DD7E9F}.Release|x64.Build.0 = Release|Any CPU
		{A3124358-FC25-43B4-97D0-E9EEB8DD7E9F}.Release|x86.ActiveCfg = Release|Any CPU
		{A3124358-FC25-43B4-97D0-E9EEB8DD7E9F}.Release|x86.Build.0 = Release|Any CPU
		{5BF2B522-26FE-4596-8E56-EE13ECC5F32F}.Debug|Any CPU.ActiveCfg = Debug|Any CPU
		{5BF2B522-26FE-4596-8E56-EE13ECC5F32F}.Debug|Any CPU.Build.0 = Debug|Any CPU
		{5BF2B522-26FE-4596-8E56-EE13ECC5F32F}.Debug|x64.ActiveCfg = Debug|Any CPU
		{5BF2B522-26FE-4596-8E56-EE13ECC5F32F}.Debug|x64.Build.0 = Debug|Any CPU
		{5BF2B522-26FE-4596-8E56-EE13ECC5F32F}.Debug|x86.ActiveCfg = Debug|Any CPU
		{5BF2B522-26FE-4596-8E56-EE13ECC5F32F}.Debug|x86.Build.0 = Debug|Any CPU
		{5BF2B522-26FE-4596-8E56-EE13ECC5F32F}.Release|Any CPU.ActiveCfg = Release|Any CPU
		{5BF2B522-26FE-4596-8E56-EE13ECC5F32F}.Release|Any CPU.Build.0 = Release|Any CPU
		{5BF2B522-26FE-4596-8E56-EE13ECC5F32F}.Release|x64.ActiveCfg = Release|Any CPU
		{5BF2B522-26FE-4596-8E56-EE13ECC5F32F}.Release|x64.Build.0 = Release|Any CPU
		{5BF2B522-26FE-4596-8E56-EE13ECC5F32F}.Release|x86.ActiveCfg = Release|Any CPU
		{5BF2B522-26FE-4596-8E56-EE13ECC5F32F}.Release|x86.Build.0 = Release|Any CPU
		{1B02BF9B-CBFC-41E7-98E6-A56918F2FF72}.Debug|Any CPU.ActiveCfg = Debug|Any CPU
		{1B02BF9B-CBFC-41E7-98E6-A56918F2FF72}.Debug|Any CPU.Build.0 = Debug|Any CPU
		{1B02BF9B-CBFC-41E7-98E6-A56918F2FF72}.Debug|x64.ActiveCfg = Debug|Any CPU
		{1B02BF9B-CBFC-41E7-98E6-A56918F2FF72}.Debug|x64.Build.0 = Debug|Any CPU
		{1B02BF9B-CBFC-41E7-98E6-A56918F2FF72}.Debug|x86.ActiveCfg = Debug|Any CPU
		{1B02BF9B-CBFC-41E7-98E6-A56918F2FF72}.Debug|x86.Build.0 = Debug|Any CPU
		{1B02BF9B-CBFC-41E7-98E6-A56918F2FF72}.Release|Any CPU.ActiveCfg = Release|Any CPU
		{1B02BF9B-CBFC-41E7-98E6-A56918F2FF72}.Release|Any CPU.Build.0 = Release|Any CPU
		{1B02BF9B-CBFC-41E7-98E6-A56918F2FF72}.Release|x64.ActiveCfg = Release|Any CPU
		{1B02BF9B-CBFC-41E7-98E6-A56918F2FF72}.Release|x64.Build.0 = Release|Any CPU
		{1B02BF9B-CBFC-41E7-98E6-A56918F2FF72}.Release|x86.ActiveCfg = Release|Any CPU
		{1B02BF9B-CBFC-41E7-98E6-A56918F2FF72}.Release|x86.Build.0 = Release|Any CPU
		{2BF32AE9-A975-43E1-B64E-75B8C54653DA}.Debug|Any CPU.ActiveCfg = Debug|Any CPU
		{2BF32AE9-A975-43E1-B64E-75B8C54653DA}.Debug|Any CPU.Build.0 = Debug|Any CPU
		{2BF32AE9-A975-43E1-B64E-75B8C54653DA}.Debug|x64.ActiveCfg = Debug|Any CPU
		{2BF32AE9-A975-43E1-B64E-75B8C54653DA}.Debug|x64.Build.0 = Debug|Any CPU
		{2BF32AE9-A975-43E1-B64E-75B8C54653DA}.Debug|x86.ActiveCfg = Debug|Any CPU
		{2BF32AE9-A975-43E1-B64E-75B8C54653DA}.Debug|x86.Build.0 = Debug|Any CPU
		{2BF32AE9-A975-43E1-B64E-75B8C54653DA}.Release|Any CPU.ActiveCfg = Release|Any CPU
		{2BF32AE9-A975-43E1-B64E-75B8C54653DA}.Release|Any CPU.Build.0 = Release|Any CPU
		{2BF32AE9-A975-43E1-B64E-75B8C54653DA}.Release|x64.ActiveCfg = Release|Any CPU
		{2BF32AE9-A975-43E1-B64E-75B8C54653DA}.Release|x64.Build.0 = Release|Any CPU
		{2BF32AE9-A975-43E1-B64E-75B8C54653DA}.Release|x86.ActiveCfg = Release|Any CPU
		{2BF32AE9-A975-43E1-B64E-75B8C54653DA}.Release|x86.Build.0 = Release|Any CPU
		{0653EAF3-32A0-4324-A810-7857F31678F9}.Debug|Any CPU.ActiveCfg = Debug|Any CPU
		{0653EAF3-32A0-4324-A810-7857F31678F9}.Debug|Any CPU.Build.0 = Debug|Any CPU
		{0653EAF3-32A0-4324-A810-7857F31678F9}.Debug|x64.ActiveCfg = Debug|Any CPU
		{0653EAF3-32A0-4324-A810-7857F31678F9}.Debug|x64.Build.0 = Debug|Any CPU
		{0653EAF3-32A0-4324-A810-7857F31678F9}.Debug|x86.ActiveCfg = Debug|Any CPU
		{0653EAF3-32A0-4324-A810-7857F31678F9}.Debug|x86.Build.0 = Debug|Any CPU
		{0653EAF3-32A0-4324-A810-7857F31678F9}.Release|Any CPU.ActiveCfg = Release|Any CPU
		{0653EAF3-32A0-4324-A810-7857F31678F9}.Release|Any CPU.Build.0 = Release|Any CPU
		{0653EAF3-32A0-4324-A810-7857F31678F9}.Release|x64.ActiveCfg = Release|Any CPU
		{0653EAF3-32A0-4324-A810-7857F31678F9}.Release|x64.Build.0 = Release|Any CPU
		{0653EAF3-32A0-4324-A810-7857F31678F9}.Release|x86.ActiveCfg = Release|Any CPU
		{0653EAF3-32A0-4324-A810-7857F31678F9}.Release|x86.Build.0 = Release|Any CPU
		{3A753528-ACA6-4A82-8458-8BEDCA150C34}.Debug|Any CPU.ActiveCfg = Debug|Any CPU
		{3A753528-ACA6-4A82-8458-8BEDCA150C34}.Debug|Any CPU.Build.0 = Debug|Any CPU
		{3A753528-ACA6-4A82-8458-8BEDCA150C34}.Debug|x64.ActiveCfg = Debug|Any CPU
		{3A753528-ACA6-4A82-8458-8BEDCA150C34}.Debug|x64.Build.0 = Debug|Any CPU
		{3A753528-ACA6-4A82-8458-8BEDCA150C34}.Debug|x86.ActiveCfg = Debug|Any CPU
		{3A753528-ACA6-4A82-8458-8BEDCA150C34}.Debug|x86.Build.0 = Debug|Any CPU
		{3A753528-ACA6-4A82-8458-8BEDCA150C34}.Release|Any CPU.ActiveCfg = Release|Any CPU
		{3A753528-ACA6-4A82-8458-8BEDCA150C34}.Release|Any CPU.Build.0 = Release|Any CPU
		{3A753528-ACA6-4A82-8458-8BEDCA150C34}.Release|x64.ActiveCfg = Release|Any CPU
		{3A753528-ACA6-4A82-8458-8BEDCA150C34}.Release|x64.Build.0 = Release|Any CPU
		{3A753528-ACA6-4A82-8458-8BEDCA150C34}.Release|x86.ActiveCfg = Release|Any CPU
		{3A753528-ACA6-4A82-8458-8BEDCA150C34}.Release|x86.Build.0 = Release|Any CPU
	EndGlobalSection
	GlobalSection(SolutionProperties) = preSolution
		HideSolutionNode = FALSE
	EndGlobalSection
	GlobalSection(NestedProjects) = preSolution
		{E078F689-23CC-42EF-8697-480065F36973} = {9C2CC8DF-CE43-45FD-897E-5DA86AA9E4B5}
		{2EA0C31A-A1B6-44DC-8519-4EEF88DA926E} = {9C2CC8DF-CE43-45FD-897E-5DA86AA9E4B5}
		{984BB9B3-3FA3-BE33-9484-CAC21695A33C} = {827E0CD3-B72D-47B6-A68D-7590B98EB39B}
		{D4A34F35-5435-FD97-C6D0-8589CB528231} = {984BB9B3-3FA3-BE33-9484-CAC21695A33C}
		{421B8128-BDA2-4B33-9441-10A2720C3741} = {D4A34F35-5435-FD97-C6D0-8589CB528231}
		{6838E626-38A0-4B0E-B943-A0130A03B77C} = {D4A34F35-5435-FD97-C6D0-8589CB528231}
		{53A5E032-9A5F-5C5F-4C24-3FD98F4CF9B3} = {984BB9B3-3FA3-BE33-9484-CAC21695A33C}
		{CB09AD02-3C79-42A2-9A4D-21B199F420DE} = {53A5E032-9A5F-5C5F-4C24-3FD98F4CF9B3}
		{A8DE0E81-3660-44B8-80E2-54C83CC46B7B} = {53A5E032-9A5F-5C5F-4C24-3FD98F4CF9B3}
		{9B90E0F9-796D-4A72-89AB-241745BF82D2} = {53A5E032-9A5F-5C5F-4C24-3FD98F4CF9B3}
		{CA15E31E-CB60-F235-5CDF-2E527A86A72C} = {984BB9B3-3FA3-BE33-9484-CAC21695A33C}
		{A3124358-FC25-43B4-97D0-E9EEB8DD7E9F} = {CA15E31E-CB60-F235-5CDF-2E527A86A72C}
		{4353066B-F410-E540-F593-55E469B78A5F} = {0AB3BF05-4346-4AA6-1389-037BE0695223}
		{127189DC-0BEF-341C-0597-8642EC10EE71} = {4353066B-F410-E540-F593-55E469B78A5F}
		{5BF2B522-26FE-4596-8E56-EE13ECC5F32F} = {127189DC-0BEF-341C-0597-8642EC10EE71}
		{18400E44-4892-5B80-9B60-D32E69278B29} = {4353066B-F410-E540-F593-55E469B78A5F}
		{1B02BF9B-CBFC-41E7-98E6-A56918F2FF72} = {18400E44-4892-5B80-9B60-D32E69278B29}
		{B69D1A96-4DB9-15C1-EF8D-9A36E3A47E08} = {4353066B-F410-E540-F593-55E469B78A5F}
		{2BF32AE9-A975-43E1-B64E-75B8C54653DA} = {B69D1A96-4DB9-15C1-EF8D-9A36E3A47E08}
		{C8E42992-5E42-0C2B-DBFE-AA848D06431C} = {827E0CD3-B72D-47B6-A68D-7590B98EB39B}
		{0653EAF3-32A0-4324-A810-7857F31678F9} = {C8E42992-5E42-0C2B-DBFE-AA848D06431C}
		{3A753528-ACA6-4A82-8458-8BEDCA150C34} = {C8E42992-5E42-0C2B-DBFE-AA848D06431C}
	EndGlobalSection
EndGlobal
